// !$*UTF8*$!
{
	archiveVersion = 1;
	classes = {
	};
	objectVersion = 55;
	objects = {

/* Begin PBXBuildFile section */
		B23F240A28FBC68D00381A58 /* GameStateHelpers.swift in Sources */ = {isa = PBXBuildFile; fileRef = B23F240928FBC68D00381A58 /* GameStateHelpers.swift */; };
		B26F946128D2BEA90075E6D5 /* SetGameApp.swift in Sources */ = {isa = PBXBuildFile; fileRef = B26F946028D2BEA90075E6D5 /* SetGameApp.swift */; };
		B26F946328D2BEA90075E6D5 /* ContentView.swift in Sources */ = {isa = PBXBuildFile; fileRef = B26F946228D2BEA90075E6D5 /* ContentView.swift */; };
		B26F946528D2BEAA0075E6D5 /* Assets.xcassets in Resources */ = {isa = PBXBuildFile; fileRef = B26F946428D2BEAA0075E6D5 /* Assets.xcassets */; };
		B26F946828D2BEAA0075E6D5 /* Preview Assets.xcassets in Resources */ = {isa = PBXBuildFile; fileRef = B26F946728D2BEAA0075E6D5 /* Preview Assets.xcassets */; };
		B26F947328D2C2820075E6D5 /* AspectVGrid.swift in Sources */ = {isa = PBXBuildFile; fileRef = B26F947228D2C2820075E6D5 /* AspectVGrid.swift */; };
		B26F947528D2C3D50075E6D5 /* CardView.swift in Sources */ = {isa = PBXBuildFile; fileRef = B26F947428D2C3D50075E6D5 /* CardView.swift */; };
		B26F947728D2C5FA0075E6D5 /* SetGameModel.swift in Sources */ = {isa = PBXBuildFile; fileRef = B26F947628D2C5FA0075E6D5 /* SetGameModel.swift */; };
		B26F947928D2C68C0075E6D5 /* SetGameViewModel.swift in Sources */ = {isa = PBXBuildFile; fileRef = B26F947828D2C68C0075E6D5 /* SetGameViewModel.swift */; };
		B270ED7D291A770100D2EF6C /* Cardify.swift in Sources */ = {isa = PBXBuildFile; fileRef = B270ED7C291A770100D2EF6C /* Cardify.swift */; };
		B270ED7E291A770100D2EF6C /* Cardify.swift in Sources */ = {isa = PBXBuildFile; fileRef = B270ED7C291A770100D2EF6C /* Cardify.swift */; };
		B270ED81291B5A7300D2EF6C /* Algorithms in Frameworks */ = {isa = PBXBuildFile; productRef = B270ED80291B5A7300D2EF6C /* Algorithms */; };
		B270ED83291B5FC600D2EF6C /* HintPanel.swift in Sources */ = {isa = PBXBuildFile; fileRef = B270ED82291B5FC600D2EF6C /* HintPanel.swift */; };
		B270ED85291B661A00D2EF6C /* SetGameModelTests.swift in Sources */ = {isa = PBXBuildFile; fileRef = B270ED84291B661A00D2EF6C /* SetGameModelTests.swift */; };
		B270ED86291B664E00D2EF6C /* SetGameModel.swift in Sources */ = {isa = PBXBuildFile; fileRef = B26F947628D2C5FA0075E6D5 /* SetGameModel.swift */; };
		B270ED89291B733500D2EF6C /* Algorithms in Frameworks */ = {isa = PBXBuildFile; productRef = B270ED88291B733500D2EF6C /* Algorithms */; };
		B27A845A293DAA2500E189AC /* CardsOfSetUITests.swift in Sources */ = {isa = PBXBuildFile; fileRef = B27A8459293DAA2500E189AC /* CardsOfSetUITests.swift */; };
		B27A845C293DAA2500E189AC /* CardsOfSetUITestsLaunchTests.swift in Sources */ = {isa = PBXBuildFile; fileRef = B27A845B293DAA2500E189AC /* CardsOfSetUITestsLaunchTests.swift */; };
		B27A8463293DCF6700E189AC /* GameEndPanel.swift in Sources */ = {isa = PBXBuildFile; fileRef = B27A8462293DCF6700E189AC /* GameEndPanel.swift */; };
		B28ECFB328E05EBF008D2010 /* GameStateMachine.swift in Sources */ = {isa = PBXBuildFile; fileRef = B28ECFB228E05EBF008D2010 /* GameStateMachine.swift */; };
		B2981282295320AD00E942F5 /* ControlsUITests.swift in Sources */ = {isa = PBXBuildFile; fileRef = B2981281295320AD00E942F5 /* ControlsUITests.swift */; };
		B29D49C92916683D00B7EC1A /* EvaluatingFSMTests.swift in Sources */ = {isa = PBXBuildFile; fileRef = B29D49C12916682C00B7EC1A /* EvaluatingFSMTests.swift */; };
		B29D49CA2916683D00B7EC1A /* SelectingFSMTests.swift in Sources */ = {isa = PBXBuildFile; fileRef = B29D49C32916682C00B7EC1A /* SelectingFSMTests.swift */; };
		B29D49CC2916683D00B7EC1A /* StateTestHelpers.swift in Sources */ = {isa = PBXBuildFile; fileRef = B29D49C22916682C00B7EC1A /* StateTestHelpers.swift */; };
		B29D49CD2916683D00B7EC1A /* GameStateMachineTests.swift in Sources */ = {isa = PBXBuildFile; fileRef = B29D49C42916682C00B7EC1A /* GameStateMachineTests.swift */; };
		B29D49D4291668A600B7EC1A /* GameStateMachine.swift in Sources */ = {isa = PBXBuildFile; fileRef = B28ECFB228E05EBF008D2010 /* GameStateMachine.swift */; };
		B29D49D5291668A600B7EC1A /* SelectingStateMachine.swift in Sources */ = {isa = PBXBuildFile; fileRef = B2C46D5828E5723D005BCD6D /* SelectingStateMachine.swift */; };
		B29D49D6291668A600B7EC1A /* EvaluatingStateMachine.swift in Sources */ = {isa = PBXBuildFile; fileRef = B2C46D5A28E57256005BCD6D /* EvaluatingStateMachine.swift */; };
		B2A2C1E42919054E0051B539 /* CardInfoView.swift in Sources */ = {isa = PBXBuildFile; fileRef = B2A2C1E32919054E0051B539 /* CardInfoView.swift */; };
		B2AC2E1E29176CE600A510ED /* EvaluationPanelStateMachine.swift in Sources */ = {isa = PBXBuildFile; fileRef = B2AC2E1D29176CE600A510ED /* EvaluationPanelStateMachine.swift */; };
		B2AC2E1F29176CE600A510ED /* EvaluationPanelStateMachine.swift in Sources */ = {isa = PBXBuildFile; fileRef = B2AC2E1D29176CE600A510ED /* EvaluationPanelStateMachine.swift */; };
		B2AC2E2229177DC300A510ED /* EvaluationPanelStateMachineTests.swift in Sources */ = {isa = PBXBuildFile; fileRef = B2AC2E2029177DC300A510ED /* EvaluationPanelStateMachineTests.swift */; };
		B2AC2E242917CE7200A510ED /* GameStateHelpers.swift in Sources */ = {isa = PBXBuildFile; fileRef = B23F240928FBC68D00381A58 /* GameStateHelpers.swift */; };
		B2AC2E262917D0D800A510ED /* FSMFactory.swift in Sources */ = {isa = PBXBuildFile; fileRef = B2AC2E252917D0D700A510ED /* FSMFactory.swift */; };
		B2BF2F732954778300D197D1 /* XCTest+Helpers.swift in Sources */ = {isa = PBXBuildFile; fileRef = B2BF2F722954778300D197D1 /* XCTest+Helpers.swift */; };
		B2BF2F742954778300D197D1 /* XCTest+Helpers.swift in Sources */ = {isa = PBXBuildFile; fileRef = B2BF2F722954778300D197D1 /* XCTest+Helpers.swift */; };
		B2C46D5928E5723D005BCD6D /* SelectingStateMachine.swift in Sources */ = {isa = PBXBuildFile; fileRef = B2C46D5828E5723D005BCD6D /* SelectingStateMachine.swift */; };
		B2C46D5B28E57256005BCD6D /* EvaluatingStateMachine.swift in Sources */ = {isa = PBXBuildFile; fileRef = B2C46D5A28E57256005BCD6D /* EvaluatingStateMachine.swift */; };
		B2E8C102291E0EE2006FB3CF /* LaunchScreen.storyboard in Resources */ = {isa = PBXBuildFile; fileRef = B2E8C101291E0EE2006FB3CF /* LaunchScreen.storyboard */; };
		B2E8C104291E167B006FB3CF /* AboutSet.swift in Sources */ = {isa = PBXBuildFile; fileRef = B2E8C103291E167B006FB3CF /* AboutSet.swift */; };
/* End PBXBuildFile section */

/* Begin PBXContainerItemProxy section */
		B27A845D293DAA2500E189AC /* PBXContainerItemProxy */ = {
			isa = PBXContainerItemProxy;
			containerPortal = B26F945528D2BEA90075E6D5 /* Project object */;
			proxyType = 1;
			remoteGlobalIDString = B26F945C28D2BEA90075E6D5;
			remoteInfo = CardsOfSet;
		};
		B29D49BC2916681300B7EC1A /* PBXContainerItemProxy */ = {
			isa = PBXContainerItemProxy;
			containerPortal = B26F945528D2BEA90075E6D5 /* Project object */;
			proxyType = 1;
			remoteGlobalIDString = B26F945C28D2BEA90075E6D5;
			remoteInfo = CardsOfSet;
		};
/* End PBXContainerItemProxy section */

/* Begin PBXFileReference section */
		B23F240928FBC68D00381A58 /* GameStateHelpers.swift */ = {isa = PBXFileReference; lastKnownFileType = sourcecode.swift; path = GameStateHelpers.swift; sourceTree = "<group>"; };
		B26EC82A294DAAD800409AED /* CardsOfSet-Info.plist */ = {isa = PBXFileReference; lastKnownFileType = text.plist; path = "CardsOfSet-Info.plist"; sourceTree = "<group>"; };
		B26F945D28D2BEA90075E6D5 /* CardsOfSet.app */ = {isa = PBXFileReference; explicitFileType = wrapper.application; includeInIndex = 0; path = CardsOfSet.app; sourceTree = BUILT_PRODUCTS_DIR; };
		B26F946028D2BEA90075E6D5 /* SetGameApp.swift */ = {isa = PBXFileReference; lastKnownFileType = sourcecode.swift; path = SetGameApp.swift; sourceTree = "<group>"; };
		B26F946228D2BEA90075E6D5 /* ContentView.swift */ = {isa = PBXFileReference; lastKnownFileType = sourcecode.swift; path = ContentView.swift; sourceTree = "<group>"; };
		B26F946428D2BEAA0075E6D5 /* Assets.xcassets */ = {isa = PBXFileReference; lastKnownFileType = folder.assetcatalog; path = Assets.xcassets; sourceTree = "<group>"; };
		B26F946728D2BEAA0075E6D5 /* Preview Assets.xcassets */ = {isa = PBXFileReference; lastKnownFileType = folder.assetcatalog; path = "Preview Assets.xcassets"; sourceTree = "<group>"; };
		B26F946E28D2BEE40075E6D5 /* Set-game-cards.png */ = {isa = PBXFileReference; lastKnownFileType = image.png; path = "Set-game-cards.png"; sourceTree = "<group>"; };
		B26F947228D2C2820075E6D5 /* AspectVGrid.swift */ = {isa = PBXFileReference; lastKnownFileType = sourcecode.swift; path = AspectVGrid.swift; sourceTree = "<group>"; };
		B26F947428D2C3D50075E6D5 /* CardView.swift */ = {isa = PBXFileReference; lastKnownFileType = sourcecode.swift; path = CardView.swift; sourceTree = "<group>"; };
		B26F947628D2C5FA0075E6D5 /* SetGameModel.swift */ = {isa = PBXFileReference; lastKnownFileType = sourcecode.swift; path = SetGameModel.swift; sourceTree = "<group>"; };
		B26F947828D2C68C0075E6D5 /* SetGameViewModel.swift */ = {isa = PBXFileReference; lastKnownFileType = sourcecode.swift; path = SetGameViewModel.swift; sourceTree = "<group>"; };
		B270ED7C291A770100D2EF6C /* Cardify.swift */ = {isa = PBXFileReference; lastKnownFileType = sourcecode.swift; path = Cardify.swift; sourceTree = "<group>"; };
		B270ED82291B5FC600D2EF6C /* HintPanel.swift */ = {isa = PBXFileReference; lastKnownFileType = sourcecode.swift; path = HintPanel.swift; sourceTree = "<group>"; };
		B270ED84291B661A00D2EF6C /* SetGameModelTests.swift */ = {isa = PBXFileReference; lastKnownFileType = sourcecode.swift; path = SetGameModelTests.swift; sourceTree = "<group>"; };
		B27A8457293DAA2500E189AC /* CardsOfSetUITests.xctest */ = {isa = PBXFileReference; explicitFileType = wrapper.cfbundle; includeInIndex = 0; path = CardsOfSetUITests.xctest; sourceTree = BUILT_PRODUCTS_DIR; };
		B27A8459293DAA2500E189AC /* CardsOfSetUITests.swift */ = {isa = PBXFileReference; lastKnownFileType = sourcecode.swift; path = CardsOfSetUITests.swift; sourceTree = "<group>"; };
		B27A845B293DAA2500E189AC /* CardsOfSetUITestsLaunchTests.swift */ = {isa = PBXFileReference; lastKnownFileType = sourcecode.swift; path = CardsOfSetUITestsLaunchTests.swift; sourceTree = "<group>"; };
		B27A8462293DCF6700E189AC /* GameEndPanel.swift */ = {isa = PBXFileReference; lastKnownFileType = sourcecode.swift; path = GameEndPanel.swift; sourceTree = "<group>"; };
		B28ECFB228E05EBF008D2010 /* GameStateMachine.swift */ = {isa = PBXFileReference; lastKnownFileType = sourcecode.swift; path = GameStateMachine.swift; sourceTree = "<group>"; };
		B2981281295320AD00E942F5 /* ControlsUITests.swift */ = {isa = PBXFileReference; lastKnownFileType = sourcecode.swift; path = ControlsUITests.swift; sourceTree = "<group>"; };
		B29D49B82916681300B7EC1A /* CardsOfSetTests.xctest */ = {isa = PBXFileReference; explicitFileType = wrapper.cfbundle; includeInIndex = 0; path = CardsOfSetTests.xctest; sourceTree = BUILT_PRODUCTS_DIR; };
		B29D49C12916682C00B7EC1A /* EvaluatingFSMTests.swift */ = {isa = PBXFileReference; lastKnownFileType = sourcecode.swift; path = EvaluatingFSMTests.swift; sourceTree = "<group>"; };
		B29D49C22916682C00B7EC1A /* StateTestHelpers.swift */ = {isa = PBXFileReference; lastKnownFileType = sourcecode.swift; path = StateTestHelpers.swift; sourceTree = "<group>"; };
		B29D49C32916682C00B7EC1A /* SelectingFSMTests.swift */ = {isa = PBXFileReference; lastKnownFileType = sourcecode.swift; path = SelectingFSMTests.swift; sourceTree = "<group>"; };
		B29D49C42916682C00B7EC1A /* GameStateMachineTests.swift */ = {isa = PBXFileReference; lastKnownFileType = sourcecode.swift; path = GameStateMachineTests.swift; sourceTree = "<group>"; };
		B2A2C1E32919054E0051B539 /* CardInfoView.swift */ = {isa = PBXFileReference; fileEncoding = 4; lastKnownFileType = sourcecode.swift; path = CardInfoView.swift; sourceTree = "<group>"; };
		B2AC2E1D29176CE600A510ED /* EvaluationPanelStateMachine.swift */ = {isa = PBXFileReference; lastKnownFileType = sourcecode.swift; path = EvaluationPanelStateMachine.swift; sourceTree = "<group>"; };
		B2AC2E2029177DC300A510ED /* EvaluationPanelStateMachineTests.swift */ = {isa = PBXFileReference; lastKnownFileType = sourcecode.swift; path = EvaluationPanelStateMachineTests.swift; sourceTree = "<group>"; };
		B2AC2E252917D0D700A510ED /* FSMFactory.swift */ = {isa = PBXFileReference; fileEncoding = 4; lastKnownFileType = sourcecode.swift; path = FSMFactory.swift; sourceTree = "<group>"; };
		B2BF2F722954778300D197D1 /* XCTest+Helpers.swift */ = {isa = PBXFileReference; lastKnownFileType = sourcecode.swift; path = "XCTest+Helpers.swift"; sourceTree = "<group>"; };
		B2C46D5828E5723D005BCD6D /* SelectingStateMachine.swift */ = {isa = PBXFileReference; lastKnownFileType = sourcecode.swift; path = SelectingStateMachine.swift; sourceTree = "<group>"; };
		B2C46D5A28E57256005BCD6D /* EvaluatingStateMachine.swift */ = {isa = PBXFileReference; lastKnownFileType = sourcecode.swift; path = EvaluatingStateMachine.swift; sourceTree = "<group>"; };
		B2E8C101291E0EE2006FB3CF /* LaunchScreen.storyboard */ = {isa = PBXFileReference; lastKnownFileType = file.storyboard; path = LaunchScreen.storyboard; sourceTree = "<group>"; };
		B2E8C103291E167B006FB3CF /* AboutSet.swift */ = {isa = PBXFileReference; lastKnownFileType = sourcecode.swift; path = AboutSet.swift; sourceTree = "<group>"; };
/* End PBXFileReference section */

/* Begin PBXFrameworksBuildPhase section */
		B26F945A28D2BEA90075E6D5 /* Frameworks */ = {
			isa = PBXFrameworksBuildPhase;
			buildActionMask = 2147483647;
			files = (
				B270ED81291B5A7300D2EF6C /* Algorithms in Frameworks */,
			);
			runOnlyForDeploymentPostprocessing = 0;
		};
		B27A8454293DAA2500E189AC /* Frameworks */ = {
			isa = PBXFrameworksBuildPhase;
			buildActionMask = 2147483647;
			files = (
			);
			runOnlyForDeploymentPostprocessing = 0;
		};
		B29D49B52916681300B7EC1A /* Frameworks */ = {
			isa = PBXFrameworksBuildPhase;
			buildActionMask = 2147483647;
			files = (
				B270ED89291B733500D2EF6C /* Algorithms in Frameworks */,
			);
			runOnlyForDeploymentPostprocessing = 0;
		};
/* End PBXFrameworksBuildPhase section */

/* Begin PBXGroup section */
		B26F945428D2BEA90075E6D5 = {
			isa = PBXGroup;
			children = (
				B26EC82A294DAAD800409AED /* CardsOfSet-Info.plist */,
				B2E8C101291E0EE2006FB3CF /* LaunchScreen.storyboard */,
				B26F945F28D2BEA90075E6D5 /* SetGame */,
				B29D49B92916681300B7EC1A /* CardsOfSetIOSTests */,
				B27A8458293DAA2500E189AC /* CardsOfSetUITests */,
				B26F945E28D2BEA90075E6D5 /* Products */,
				B270ED87291B733500D2EF6C /* Frameworks */,
			);
			sourceTree = "<group>";
		};
		B26F945E28D2BEA90075E6D5 /* Products */ = {
			isa = PBXGroup;
			children = (
				B26F945D28D2BEA90075E6D5 /* CardsOfSet.app */,
				B29D49B82916681300B7EC1A /* CardsOfSetTests.xctest */,
				B27A8457293DAA2500E189AC /* CardsOfSetUITests.xctest */,
			);
			name = Products;
			sourceTree = "<group>";
		};
		B26F945F28D2BEA90075E6D5 /* SetGame */ = {
			isa = PBXGroup;
			children = (
				B26F946028D2BEA90075E6D5 /* SetGameApp.swift */,
				B26F946228D2BEA90075E6D5 /* ContentView.swift */,
				B26F946428D2BEAA0075E6D5 /* Assets.xcassets */,
				B26F946628D2BEAA0075E6D5 /* Preview Content */,
				B26F947228D2C2820075E6D5 /* AspectVGrid.swift */,
				B26F947428D2C3D50075E6D5 /* CardView.swift */,
				B270ED7C291A770100D2EF6C /* Cardify.swift */,
				B2A2C1E32919054E0051B539 /* CardInfoView.swift */,
				B270ED82291B5FC600D2EF6C /* HintPanel.swift */,
				B26F947628D2C5FA0075E6D5 /* SetGameModel.swift */,
				B26F947828D2C68C0075E6D5 /* SetGameViewModel.swift */,
				B2AC2E252917D0D700A510ED /* FSMFactory.swift */,
				B28ECFB228E05EBF008D2010 /* GameStateMachine.swift */,
				B23F240928FBC68D00381A58 /* GameStateHelpers.swift */,
				B2C46D5828E5723D005BCD6D /* SelectingStateMachine.swift */,
				B2C46D5A28E57256005BCD6D /* EvaluatingStateMachine.swift */,
				B2AC2E1D29176CE600A510ED /* EvaluationPanelStateMachine.swift */,
				B2E8C103291E167B006FB3CF /* AboutSet.swift */,
				B27A8462293DCF6700E189AC /* GameEndPanel.swift */,
			);
			path = SetGame;
			sourceTree = "<group>";
		};
		B26F946628D2BEAA0075E6D5 /* Preview Content */ = {
			isa = PBXGroup;
			children = (
				B26F946E28D2BEE40075E6D5 /* Set-game-cards.png */,
				B26F946728D2BEAA0075E6D5 /* Preview Assets.xcassets */,
			);
			path = "Preview Content";
			sourceTree = "<group>";
		};
		B270ED87291B733500D2EF6C /* Frameworks */ = {
			isa = PBXGroup;
			children = (
			);
			name = Frameworks;
			sourceTree = "<group>";
		};
		B27A8458293DAA2500E189AC /* CardsOfSetUITests */ = {
			isa = PBXGroup;
			children = (
				B27A8459293DAA2500E189AC /* CardsOfSetUITests.swift */,
				B27A845B293DAA2500E189AC /* CardsOfSetUITestsLaunchTests.swift */,
				B2981281295320AD00E942F5 /* ControlsUITests.swift */,
			);
			path = CardsOfSetUITests;
			sourceTree = "<group>";
		};
		B29D49B92916681300B7EC1A /* CardsOfSetIOSTests */ = {
			isa = PBXGroup;
			children = (
				B29D49C12916682C00B7EC1A /* EvaluatingFSMTests.swift */,
				B29D49C42916682C00B7EC1A /* GameStateMachineTests.swift */,
				B29D49C32916682C00B7EC1A /* SelectingFSMTests.swift */,
				B29D49C22916682C00B7EC1A /* StateTestHelpers.swift */,
				B2AC2E2029177DC300A510ED /* EvaluationPanelStateMachineTests.swift */,
				B270ED84291B661A00D2EF6C /* SetGameModelTests.swift */,
				B2BF2F722954778300D197D1 /* XCTest+Helpers.swift */,
			);
			path = CardsOfSetIOSTests;
			sourceTree = "<group>";
		};
/* End PBXGroup section */

/* Begin PBXNativeTarget section */
		B26F945C28D2BEA90075E6D5 /* CardsOfSet */ = {
			isa = PBXNativeTarget;
			buildConfigurationList = B26F946B28D2BEAA0075E6D5 /* Build configuration list for PBXNativeTarget "CardsOfSet" */;
			buildPhases = (
				B26F945928D2BEA90075E6D5 /* Sources */,
				B26F945A28D2BEA90075E6D5 /* Frameworks */,
				B26F945B28D2BEA90075E6D5 /* Resources */,
			);
			buildRules = (
			);
			dependencies = (
			);
			name = CardsOfSet;
			packageProductDependencies = (
				B270ED80291B5A7300D2EF6C /* Algorithms */,
			);
			productName = SetGame;
			productReference = B26F945D28D2BEA90075E6D5 /* CardsOfSet.app */;
			productType = "com.apple.product-type.application";
		};
		B27A8456293DAA2500E189AC /* CardsOfSetUITests */ = {
			isa = PBXNativeTarget;
			buildConfigurationList = B27A8461293DAA2500E189AC /* Build configuration list for PBXNativeTarget "CardsOfSetUITests" */;
			buildPhases = (
				B27A8453293DAA2500E189AC /* Sources */,
				B27A8454293DAA2500E189AC /* Frameworks */,
				B27A8455293DAA2500E189AC /* Resources */,
			);
			buildRules = (
			);
			dependencies = (
				B27A845E293DAA2500E189AC /* PBXTargetDependency */,
			);
			name = CardsOfSetUITests;
			productName = CardsOfSetUITests;
			productReference = B27A8457293DAA2500E189AC /* CardsOfSetUITests.xctest */;
			productType = "com.apple.product-type.bundle.ui-testing";
		};
		B29D49B72916681300B7EC1A /* CardsOfSetTests */ = {
			isa = PBXNativeTarget;
			buildConfigurationList = B29D49C02916681300B7EC1A /* Build configuration list for PBXNativeTarget "CardsOfSetTests" */;
			buildPhases = (
				B29D49B42916681300B7EC1A /* Sources */,
				B29D49B52916681300B7EC1A /* Frameworks */,
				B29D49B62916681300B7EC1A /* Resources */,
			);
			buildRules = (
			);
			dependencies = (
				B29D49BD2916681300B7EC1A /* PBXTargetDependency */,
			);
			name = CardsOfSetTests;
			packageProductDependencies = (
				B270ED88291B733500D2EF6C /* Algorithms */,
			);
			productName = CardsOfSetIOSTests;
			productReference = B29D49B82916681300B7EC1A /* CardsOfSetTests.xctest */;
			productType = "com.apple.product-type.bundle.unit-test";
		};
/* End PBXNativeTarget section */

/* Begin PBXProject section */
		B26F945528D2BEA90075E6D5 /* Project object */ = {
			isa = PBXProject;
			attributes = {
				BuildIndependentTargetsInParallel = 1;
				LastSwiftUpdateCheck = 1410;
				LastUpgradeCheck = 1340;
				ORGANIZATIONNAME = Smithsoft;
				TargetAttributes = {
					B26F945C28D2BEA90075E6D5 = {
						CreatedOnToolsVersion = 13.4.1;
					};
					B27A8456293DAA2500E189AC = {
						CreatedOnToolsVersion = 14.1;
						TestTargetID = B26F945C28D2BEA90075E6D5;
					};
					B29D49B72916681300B7EC1A = {
						CreatedOnToolsVersion = 14.1;
					};
				};
			};
			buildConfigurationList = B26F945828D2BEA90075E6D5 /* Build configuration list for PBXProject "CardsOfSet" */;
			compatibilityVersion = "Xcode 13.0";
			developmentRegion = en;
			hasScannedForEncodings = 0;
			knownRegions = (
				en,
				Base,
			);
			mainGroup = B26F945428D2BEA90075E6D5;
			packageReferences = (
				B270ED7F291B5A7300D2EF6C /* XCRemoteSwiftPackageReference "swift-algorithms" */,
			);
			productRefGroup = B26F945E28D2BEA90075E6D5 /* Products */;
			projectDirPath = "";
			projectRoot = "";
			targets = (
				B26F945C28D2BEA90075E6D5 /* CardsOfSet */,
				B29D49B72916681300B7EC1A /* CardsOfSetTests */,
				B27A8456293DAA2500E189AC /* CardsOfSetUITests */,
			);
		};
/* End PBXProject section */

/* Begin PBXResourcesBuildPhase section */
		B26F945B28D2BEA90075E6D5 /* Resources */ = {
			isa = PBXResourcesBuildPhase;
			buildActionMask = 2147483647;
			files = (
				B2E8C102291E0EE2006FB3CF /* LaunchScreen.storyboard in Resources */,
				B26F946828D2BEAA0075E6D5 /* Preview Assets.xcassets in Resources */,
				B26F946528D2BEAA0075E6D5 /* Assets.xcassets in Resources */,
			);
			runOnlyForDeploymentPostprocessing = 0;
		};
		B27A8455293DAA2500E189AC /* Resources */ = {
			isa = PBXResourcesBuildPhase;
			buildActionMask = 2147483647;
			files = (
			);
			runOnlyForDeploymentPostprocessing = 0;
		};
		B29D49B62916681300B7EC1A /* Resources */ = {
			isa = PBXResourcesBuildPhase;
			buildActionMask = 2147483647;
			files = (
			);
			runOnlyForDeploymentPostprocessing = 0;
		};
/* End PBXResourcesBuildPhase section */

/* Begin PBXSourcesBuildPhase section */
		B26F945928D2BEA90075E6D5 /* Sources */ = {
			isa = PBXSourcesBuildPhase;
			buildActionMask = 2147483647;
			files = (
				B2E8C104291E167B006FB3CF /* AboutSet.swift in Sources */,
				B26F946328D2BEA90075E6D5 /* ContentView.swift in Sources */,
				B26F947728D2C5FA0075E6D5 /* SetGameModel.swift in Sources */,
				B2AC2E1E29176CE600A510ED /* EvaluationPanelStateMachine.swift in Sources */,
				B23F240A28FBC68D00381A58 /* GameStateHelpers.swift in Sources */,
				B26F946128D2BEA90075E6D5 /* SetGameApp.swift in Sources */,
				B26F947928D2C68C0075E6D5 /* SetGameViewModel.swift in Sources */,
				B2A2C1E42919054E0051B539 /* CardInfoView.swift in Sources */,
				B2AC2E262917D0D800A510ED /* FSMFactory.swift in Sources */,
				B270ED7D291A770100D2EF6C /* Cardify.swift in Sources */,
				B28ECFB328E05EBF008D2010 /* GameStateMachine.swift in Sources */,
				B26F947528D2C3D50075E6D5 /* CardView.swift in Sources */,
				B26F947328D2C2820075E6D5 /* AspectVGrid.swift in Sources */,
				B2C46D5928E5723D005BCD6D /* SelectingStateMachine.swift in Sources */,
				B2C46D5B28E57256005BCD6D /* EvaluatingStateMachine.swift in Sources */,
				B27A8463293DCF6700E189AC /* GameEndPanel.swift in Sources */,
				B270ED83291B5FC600D2EF6C /* HintPanel.swift in Sources */,
			);
			runOnlyForDeploymentPostprocessing = 0;
		};
		B27A8453293DAA2500E189AC /* Sources */ = {
			isa = PBXSourcesBuildPhase;
			buildActionMask = 2147483647;
			files = (
				B2BF2F742954778300D197D1 /* XCTest+Helpers.swift in Sources */,
				B27A845C293DAA2500E189AC /* CardsOfSetUITestsLaunchTests.swift in Sources */,
				B27A845A293DAA2500E189AC /* CardsOfSetUITests.swift in Sources */,
				B2981282295320AD00E942F5 /* ControlsUITests.swift in Sources */,
			);
			runOnlyForDeploymentPostprocessing = 0;
		};
		B29D49B42916681300B7EC1A /* Sources */ = {
			isa = PBXSourcesBuildPhase;
			buildActionMask = 2147483647;
			files = (
				B270ED85291B661A00D2EF6C /* SetGameModelTests.swift in Sources */,
				B270ED7E291A770100D2EF6C /* Cardify.swift in Sources */,
				B2AC2E2229177DC300A510ED /* EvaluationPanelStateMachineTests.swift in Sources */,
				B29D49C92916683D00B7EC1A /* EvaluatingFSMTests.swift in Sources */,
				B29D49D4291668A600B7EC1A /* GameStateMachine.swift in Sources */,
				B2AC2E242917CE7200A510ED /* GameStateHelpers.swift in Sources */,
				B2AC2E1F29176CE600A510ED /* EvaluationPanelStateMachine.swift in Sources */,
				B29D49CD2916683D00B7EC1A /* GameStateMachineTests.swift in Sources */,
				B270ED86291B664E00D2EF6C /* SetGameModel.swift in Sources */,
				B29D49D5291668A600B7EC1A /* SelectingStateMachine.swift in Sources */,
				B2BF2F732954778300D197D1 /* XCTest+Helpers.swift in Sources */,
				B29D49D6291668A600B7EC1A /* EvaluatingStateMachine.swift in Sources */,
				B29D49CC2916683D00B7EC1A /* StateTestHelpers.swift in Sources */,
				B29D49CA2916683D00B7EC1A /* SelectingFSMTests.swift in Sources */,
			);
			runOnlyForDeploymentPostprocessing = 0;
		};
/* End PBXSourcesBuildPhase section */

/* Begin PBXTargetDependency section */
		B27A845E293DAA2500E189AC /* PBXTargetDependency */ = {
			isa = PBXTargetDependency;
			target = B26F945C28D2BEA90075E6D5 /* CardsOfSet */;
			targetProxy = B27A845D293DAA2500E189AC /* PBXContainerItemProxy */;
		};
		B29D49BD2916681300B7EC1A /* PBXTargetDependency */ = {
			isa = PBXTargetDependency;
			target = B26F945C28D2BEA90075E6D5 /* CardsOfSet */;
			targetProxy = B29D49BC2916681300B7EC1A /* PBXContainerItemProxy */;
		};
/* End PBXTargetDependency section */

/* Begin XCBuildConfiguration section */
		B26F946928D2BEAA0075E6D5 /* Debug */ = {
			isa = XCBuildConfiguration;
			buildSettings = {
				ALWAYS_SEARCH_USER_PATHS = NO;
				CLANG_ANALYZER_NONNULL = YES;
				CLANG_ANALYZER_NUMBER_OBJECT_CONVERSION = YES_AGGRESSIVE;
				CLANG_CXX_LANGUAGE_STANDARD = "gnu++17";
				CLANG_ENABLE_MODULES = YES;
				CLANG_ENABLE_OBJC_ARC = YES;
				CLANG_ENABLE_OBJC_WEAK = YES;
				CLANG_WARN_BLOCK_CAPTURE_AUTORELEASING = YES;
				CLANG_WARN_BOOL_CONVERSION = YES;
				CLANG_WARN_COMMA = YES;
				CLANG_WARN_CONSTANT_CONVERSION = YES;
				CLANG_WARN_DEPRECATED_OBJC_IMPLEMENTATIONS = YES;
				CLANG_WARN_DIRECT_OBJC_ISA_USAGE = YES_ERROR;
				CLANG_WARN_DOCUMENTATION_COMMENTS = YES;
				CLANG_WARN_EMPTY_BODY = YES;
				CLANG_WARN_ENUM_CONVERSION = YES;
				CLANG_WARN_INFINITE_RECURSION = YES;
				CLANG_WARN_INT_CONVERSION = YES;
				CLANG_WARN_NON_LITERAL_NULL_CONVERSION = YES;
				CLANG_WARN_OBJC_IMPLICIT_RETAIN_SELF = YES;
				CLANG_WARN_OBJC_LITERAL_CONVERSION = YES;
				CLANG_WARN_OBJC_ROOT_CLASS = YES_ERROR;
				CLANG_WARN_QUOTED_INCLUDE_IN_FRAMEWORK_HEADER = YES;
				CLANG_WARN_RANGE_LOOP_ANALYSIS = YES;
				CLANG_WARN_STRICT_PROTOTYPES = YES;
				CLANG_WARN_SUSPICIOUS_MOVE = YES;
				CLANG_WARN_UNGUARDED_AVAILABILITY = YES_AGGRESSIVE;
				CLANG_WARN_UNREACHABLE_CODE = YES;
				CLANG_WARN__DUPLICATE_METHOD_MATCH = YES;
				COPY_PHASE_STRIP = NO;
				DEBUG_INFORMATION_FORMAT = dwarf;
				ENABLE_STRICT_OBJC_MSGSEND = YES;
				ENABLE_TESTABILITY = YES;
				GCC_C_LANGUAGE_STANDARD = gnu11;
				GCC_DYNAMIC_NO_PIC = NO;
				GCC_NO_COMMON_BLOCKS = YES;
				GCC_OPTIMIZATION_LEVEL = 0;
				GCC_PREPROCESSOR_DEFINITIONS = (
					"DEBUG=1",
					"$(inherited)",
				);
				GCC_WARN_64_TO_32_BIT_CONVERSION = YES;
				GCC_WARN_ABOUT_RETURN_TYPE = YES_ERROR;
				GCC_WARN_UNDECLARED_SELECTOR = YES;
				GCC_WARN_UNINITIALIZED_AUTOS = YES_AGGRESSIVE;
				GCC_WARN_UNUSED_FUNCTION = YES;
				GCC_WARN_UNUSED_VARIABLE = YES;
				IPHONEOS_DEPLOYMENT_TARGET = 15.5;
				MTL_ENABLE_DEBUG_INFO = INCLUDE_SOURCE;
				MTL_FAST_MATH = YES;
				ONLY_ACTIVE_ARCH = YES;
				SDKROOT = iphoneos;
				SWIFT_ACTIVE_COMPILATION_CONDITIONS = DEBUG;
				SWIFT_OPTIMIZATION_LEVEL = "-Onone";
			};
			name = Debug;
		};
		B26F946A28D2BEAA0075E6D5 /* Release */ = {
			isa = XCBuildConfiguration;
			buildSettings = {
				ALWAYS_SEARCH_USER_PATHS = NO;
				CLANG_ANALYZER_NONNULL = YES;
				CLANG_ANALYZER_NUMBER_OBJECT_CONVERSION = YES_AGGRESSIVE;
				CLANG_CXX_LANGUAGE_STANDARD = "gnu++17";
				CLANG_ENABLE_MODULES = YES;
				CLANG_ENABLE_OBJC_ARC = YES;
				CLANG_ENABLE_OBJC_WEAK = YES;
				CLANG_WARN_BLOCK_CAPTURE_AUTORELEASING = YES;
				CLANG_WARN_BOOL_CONVERSION = YES;
				CLANG_WARN_COMMA = YES;
				CLANG_WARN_CONSTANT_CONVERSION = YES;
				CLANG_WARN_DEPRECATED_OBJC_IMPLEMENTATIONS = YES;
				CLANG_WARN_DIRECT_OBJC_ISA_USAGE = YES_ERROR;
				CLANG_WARN_DOCUMENTATION_COMMENTS = YES;
				CLANG_WARN_EMPTY_BODY = YES;
				CLANG_WARN_ENUM_CONVERSION = YES;
				CLANG_WARN_INFINITE_RECURSION = YES;
				CLANG_WARN_INT_CONVERSION = YES;
				CLANG_WARN_NON_LITERAL_NULL_CONVERSION = YES;
				CLANG_WARN_OBJC_IMPLICIT_RETAIN_SELF = YES;
				CLANG_WARN_OBJC_LITERAL_CONVERSION = YES;
				CLANG_WARN_OBJC_ROOT_CLASS = YES_ERROR;
				CLANG_WARN_QUOTED_INCLUDE_IN_FRAMEWORK_HEADER = YES;
				CLANG_WARN_RANGE_LOOP_ANALYSIS = YES;
				CLANG_WARN_STRICT_PROTOTYPES = YES;
				CLANG_WARN_SUSPICIOUS_MOVE = YES;
				CLANG_WARN_UNGUARDED_AVAILABILITY = YES_AGGRESSIVE;
				CLANG_WARN_UNREACHABLE_CODE = YES;
				CLANG_WARN__DUPLICATE_METHOD_MATCH = YES;
				COPY_PHASE_STRIP = NO;
				DEBUG_INFORMATION_FORMAT = "dwarf-with-dsym";
				ENABLE_NS_ASSERTIONS = NO;
				ENABLE_STRICT_OBJC_MSGSEND = YES;
				GCC_C_LANGUAGE_STANDARD = gnu11;
				GCC_NO_COMMON_BLOCKS = YES;
				GCC_WARN_64_TO_32_BIT_CONVERSION = YES;
				GCC_WARN_ABOUT_RETURN_TYPE = YES_ERROR;
				GCC_WARN_UNDECLARED_SELECTOR = YES;
				GCC_WARN_UNINITIALIZED_AUTOS = YES_AGGRESSIVE;
				GCC_WARN_UNUSED_FUNCTION = YES;
				GCC_WARN_UNUSED_VARIABLE = YES;
				IPHONEOS_DEPLOYMENT_TARGET = 15.5;
				MTL_ENABLE_DEBUG_INFO = NO;
				MTL_FAST_MATH = YES;
				SDKROOT = iphoneos;
				SWIFT_COMPILATION_MODE = wholemodule;
				SWIFT_OPTIMIZATION_LEVEL = "-O";
				VALIDATE_PRODUCT = YES;
			};
			name = Release;
		};
		B26F946C28D2BEAA0075E6D5 /* Debug */ = {
			isa = XCBuildConfiguration;
			buildSettings = {
				ASSETCATALOG_COMPILER_APPICON_NAME = AppIcon;
				ASSETCATALOG_COMPILER_GLOBAL_ACCENT_COLOR_NAME = AccentColor;
				CODE_SIGN_STYLE = Automatic;
				CURRENT_PROJECT_VERSION = 1;
				DEVELOPMENT_ASSET_PATHS = "\"SetGame/Preview Content\"";
				DEVELOPMENT_TEAM = 4563WH9VE2;
				ENABLE_PREVIEWS = YES;
				GENERATE_INFOPLIST_FILE = YES;
				INFOPLIST_FILE = "CardsOfSet-Info.plist";
				INFOPLIST_KEY_CFBundleDisplayName = "Game of Set";
				INFOPLIST_KEY_LSApplicationCategoryType = "public.app-category.puzzle-games";
				INFOPLIST_KEY_UIApplicationSupportsIndirectInputEvents = YES;
				INFOPLIST_KEY_UILaunchScreen_Generation = YES;
				INFOPLIST_KEY_UILaunchStoryboardName = LaunchScreen.storyboard;
				INFOPLIST_KEY_UISupportedInterfaceOrientations_iPad = "UIInterfaceOrientationPortrait UIInterfaceOrientationPortraitUpsideDown UIInterfaceOrientationLandscapeLeft UIInterfaceOrientationLandscapeRight";
				INFOPLIST_KEY_UISupportedInterfaceOrientations_iPhone = "UIInterfaceOrientationPortrait UIInterfaceOrientationLandscapeLeft UIInterfaceOrientationLandscapeRight";
				LD_RUNPATH_SEARCH_PATHS = (
					"$(inherited)",
					"@executable_path/Frameworks",
				);
				MARKETING_VERSION = 1.0;
				PRODUCT_BUNDLE_IDENTIFIER = au.smithsoft.CardsOfSet;
				PRODUCT_NAME = "$(TARGET_NAME)";
				SWIFT_EMIT_LOC_STRINGS = YES;
				SWIFT_VERSION = 5.0;
				TARGETED_DEVICE_FAMILY = "1,2";
			};
			name = Debug;
		};
		B26F946D28D2BEAA0075E6D5 /* Release */ = {
			isa = XCBuildConfiguration;
			buildSettings = {
				ASSETCATALOG_COMPILER_APPICON_NAME = AppIcon;
				ASSETCATALOG_COMPILER_GLOBAL_ACCENT_COLOR_NAME = AccentColor;
				CODE_SIGN_STYLE = Automatic;
				CURRENT_PROJECT_VERSION = 1;
				DEVELOPMENT_ASSET_PATHS = "\"SetGame/Preview Content\"";
				DEVELOPMENT_TEAM = 4563WH9VE2;
				ENABLE_PREVIEWS = YES;
				GENERATE_INFOPLIST_FILE = YES;
				INFOPLIST_FILE = "CardsOfSet-Info.plist";
				INFOPLIST_KEY_CFBundleDisplayName = "Game of Set";
				INFOPLIST_KEY_LSApplicationCategoryType = "public.app-category.puzzle-games";
				INFOPLIST_KEY_UIApplicationSupportsIndirectInputEvents = YES;
				INFOPLIST_KEY_UILaunchScreen_Generation = YES;
				INFOPLIST_KEY_UILaunchStoryboardName = LaunchScreen.storyboard;
				INFOPLIST_KEY_UISupportedInterfaceOrientations_iPad = "UIInterfaceOrientationPortrait UIInterfaceOrientationPortraitUpsideDown UIInterfaceOrientationLandscapeLeft UIInterfaceOrientationLandscapeRight";
				INFOPLIST_KEY_UISupportedInterfaceOrientations_iPhone = "UIInterfaceOrientationPortrait UIInterfaceOrientationLandscapeLeft UIInterfaceOrientationLandscapeRight";
				LD_RUNPATH_SEARCH_PATHS = (
					"$(inherited)",
					"@executable_path/Frameworks",
				);
				MARKETING_VERSION = 1.0;
				PRODUCT_BUNDLE_IDENTIFIER = au.smithsoft.CardsOfSet;
				PRODUCT_NAME = "$(TARGET_NAME)";
				SWIFT_EMIT_LOC_STRINGS = YES;
				SWIFT_VERSION = 5.0;
				TARGETED_DEVICE_FAMILY = "1,2";
			};
			name = Release;
		};
		B27A845F293DAA2500E189AC /* Debug */ = {
			isa = XCBuildConfiguration;
			buildSettings = {
				CLANG_CXX_LANGUAGE_STANDARD = "gnu++20";
				CODE_SIGN_STYLE = Automatic;
				CURRENT_PROJECT_VERSION = 1;
				DEVELOPMENT_TEAM = 4563WH9VE2;
				GENERATE_INFOPLIST_FILE = YES;
				IPHONEOS_DEPLOYMENT_TARGET = 16.1;
				MARKETING_VERSION = 1.0;
				PRODUCT_BUNDLE_IDENTIFIER = au.smithsoft.CardsOfSetUITests;
				PRODUCT_NAME = "$(TARGET_NAME)";
				SWIFT_EMIT_LOC_STRINGS = NO;
				SWIFT_VERSION = 5.0;
				TARGETED_DEVICE_FAMILY = "1,2";
				TEST_TARGET_NAME = CardsOfSet;
			};
			name = Debug;
		};
		B27A8460293DAA2500E189AC /* Release */ = {
			isa = XCBuildConfiguration;
			buildSettings = {
				CLANG_CXX_LANGUAGE_STANDARD = "gnu++20";
				CODE_SIGN_STYLE = Automatic;
				CURRENT_PROJECT_VERSION = 1;
				DEVELOPMENT_TEAM = 4563WH9VE2;
				GENERATE_INFOPLIST_FILE = YES;
				IPHONEOS_DEPLOYMENT_TARGET = 16.1;
				MARKETING_VERSION = 1.0;
				PRODUCT_BUNDLE_IDENTIFIER = au.smithsoft.CardsOfSetUITests;
				PRODUCT_NAME = "$(TARGET_NAME)";
				SWIFT_EMIT_LOC_STRINGS = NO;
				SWIFT_VERSION = 5.0;
				TARGETED_DEVICE_FAMILY = "1,2";
				TEST_TARGET_NAME = CardsOfSet;
			};
			name = Release;
		};
		B29D49BE2916681300B7EC1A /* Debug */ = {
			isa = XCBuildConfiguration;
			buildSettings = {
				CLANG_CXX_LANGUAGE_STANDARD = "gnu++20";
				CODE_SIGN_STYLE = Automatic;
				CURRENT_PROJECT_VERSION = 1;
				DEVELOPMENT_TEAM = 4563WH9VE2;
				GENERATE_INFOPLIST_FILE = YES;
				IPHONEOS_DEPLOYMENT_TARGET = 15.0;
				MARKETING_VERSION = 1.0;
				PRODUCT_BUNDLE_IDENTIFIER = au.smithsoft.CardsOfSetIOSTests;
				PRODUCT_NAME = "$(TARGET_NAME)";
				SWIFT_EMIT_LOC_STRINGS = NO;
				SWIFT_VERSION = 5.0;
				TARGETED_DEVICE_FAMILY = "1,2";
			};
			name = Debug;
		};
		B29D49BF2916681300B7EC1A /* Release */ = {
			isa = XCBuildConfiguration;
			buildSettings = {
				CLANG_CXX_LANGUAGE_STANDARD = "gnu++20";
				CODE_SIGN_STYLE = Automatic;
				CURRENT_PROJECT_VERSION = 1;
				DEVELOPMENT_TEAM = 4563WH9VE2;
				GENERATE_INFOPLIST_FILE = YES;
				IPHONEOS_DEPLOYMENT_TARGET = 15.0;
				MARKETING_VERSION = 1.0;
				PRODUCT_BUNDLE_IDENTIFIER = au.smithsoft.CardsOfSetIOSTests;
				PRODUCT_NAME = "$(TARGET_NAME)";
				SWIFT_EMIT_LOC_STRINGS = NO;
				SWIFT_VERSION = 5.0;
				TARGETED_DEVICE_FAMILY = "1,2";
			};
			name = Release;
		};
/* End XCBuildConfiguration section */

/* Begin XCConfigurationList section */
		B26F945828D2BEA90075E6D5 /* Build configuration list for PBXProject "CardsOfSet" */ = {
			isa = XCConfigurationList;
			buildConfigurations = (
				B26F946928D2BEAA0075E6D5 /* Debug */,
				B26F946A28D2BEAA0075E6D5 /* Release */,
			);
			defaultConfigurationIsVisible = 0;
			defaultConfigurationName = Release;
		};
		B26F946B28D2BEAA0075E6D5 /* Build configuration list for PBXNativeTarget "CardsOfSet" */ = {
			isa = XCConfigurationList;
			buildConfigurations = (
				B26F946C28D2BEAA0075E6D5 /* Debug */,
				B26F946D28D2BEAA0075E6D5 /* Release */,
			);
			defaultConfigurationIsVisible = 0;
			defaultConfigurationName = Release;
		};
		B27A8461293DAA2500E189AC /* Build configuration list for PBXNativeTarget "CardsOfSetUITests" */ = {
			isa = XCConfigurationList;
			buildConfigurations = (
				B27A845F293DAA2500E189AC /* Debug */,
				B27A8460293DAA2500E189AC /* Release */,
			);
			defaultConfigurationIsVisible = 0;
			defaultConfigurationName = Release;
		};
		B29D49C02916681300B7EC1A /* Build configuration list for PBXNativeTarget "CardsOfSetTests" */ = {
			isa = XCConfigurationList;
			buildConfigurations = (
				B29D49BE2916681300B7EC1A /* Debug */,
				B29D49BF2916681300B7EC1A /* Release */,
			);
			defaultConfigurationIsVisible = 0;
			defaultConfigurationName = Release;
		};
/* End XCConfigurationList section */

/* Begin XCRemoteSwiftPackageReference section */
		B270ED7F291B5A7300D2EF6C /* XCRemoteSwiftPackageReference "swift-algorithms" */ = {
			isa = XCRemoteSwiftPackageReference;
			repositoryURL = "https://github.com/apple/swift-algorithms.git";
			requirement = {
				kind = upToNextMajorVersion;
				minimumVersion = 1.0.0;
			};
		};
/* End XCRemoteSwiftPackageReference section */

/* Begin XCSwiftPackageProductDependency section */
		B270ED80291B5A7300D2EF6C /* Algorithms */ = {
			isa = XCSwiftPackageProductDependency;
			package = B270ED7F291B5A7300D2EF6C /* XCRemoteSwiftPackageReference "swift-algorithms" */;
			productName = Algorithms;
		};
		B270ED88291B733500D2EF6C /* Algorithms */ = {
			isa = XCSwiftPackageProductDependency;
			package = B270ED7F291B5A7300D2EF6C /* XCRemoteSwiftPackageReference "swift-algorithms" */;
			productName = Algorithms;
		};
/* End XCSwiftPackageProductDependency section */
	};
	rootObject = B26F945528D2BEA90075E6D5 /* Project object */;
}
